
Microsoft Visual Studio Solution File, Format Version 12.00
# Visual Studio Version 17
VisualStudioVersion = 17.0.31903.59
MinimumVisualStudioVersion = 10.0.40219.1
Project("{FAE04EC0-301F-11D3-BF4B-00C04F79EFBC}") = "API", "API\API.csproj", "{74750DF2-7575-49F6-AD20-903EFBC97FEE}"
EndProject
Global
	GlobalSection(SolutionConfigurationPlatforms) = preSolution
		Debug|Any CPU = Debug|Any CPU
		Release|Any CPU = Release|Any CPU
	EndGlobalSection
	GlobalSection(ProjectConfigurationPlatforms) = postSolution
		{74750DF2-7575-49F6-AD20-903EFBC97FEE}.Debug|Any CPU.ActiveCfg = Debug|Any CPU
		{74750DF2-7575-49F6-AD20-903EFBC97FEE}.Debug|Any CPU.Build.0 = Debug|Any CPU
		{74750DF2-7575-49F6-AD20-903EFBC97FEE}.Release|Any CPU.ActiveCfg = Release|Any CPU
		{74750DF2-7575-49F6-AD20-903EFBC97FEE}.Release|Any CPU.Build.0 = Release|Any CPU
	EndGlobalSection
	GlobalSection(SolutionProperties) = preSolution
		HideSolutionNode = FALSE
	EndGlobalSection
	GlobalSection(ExtensibilityGlobals) = postSolution
		SolutionGuid = {7AC7AA8E-2918-4981-9FD0-31964E4BEB71}
	EndGlobalSection
EndGlobal
